// !$*UTF8*$!
{
	archiveVersion = 1;
	classes = {
	};
	objectVersion = 46;
	objects = {

/* Begin PBXBuildFile section */
		778637E01A6B07BA00714859 /* main.cpp in Sources */ = {isa = PBXBuildFile; fileRef = 778637DF1A6B07BA00714859 /* main.cpp */; };
		778637EC1A6B07E600714859 /* Maze.cpp in Sources */ = {isa = PBXBuildFile; fileRef = 778637E81A6B07E600714859 /* Maze.cpp */; };
/* End PBXBuildFile section */

/* Begin PBXCopyFilesBuildPhase section */
		778637DA1A6B07BA00714859 /* CopyFiles */ = {
			isa = PBXCopyFilesBuildPhase;
			buildActionMask = 2147483647;
			dstPath = /usr/share/man/man1/;
			dstSubfolderSpec = 0;
			files = (
			);
			runOnlyForDeploymentPostprocessing = 1;
		};
/* End PBXCopyFilesBuildPhase section */

/* Begin PBXFileReference section */
		778637DC1A6B07BA00714859 /* MazeSimulator */ = {isa = PBXFileReference; explicitFileType = "compiled.mach-o.executable"; includeInIndex = 0; path = MazeSimulator; sourceTree = BUILT_PRODUCTS_DIR; };
		778637DF1A6B07BA00714859 /* main.cpp */ = {isa = PBXFileReference; lastKnownFileType = sourcecode.cpp.cpp; path = main.cpp; sourceTree = "<group>"; };
		778637E61A6B07E600714859 /* BitVector256.h */ = {isa = PBXFileReference; fileEncoding = 4; lastKnownFileType = sourcecode.c.h; path = BitVector256.h; sourceTree = "<group>"; };
		778637E71A6B07E600714859 /* Dir.h */ = {isa = PBXFileReference; fileEncoding = 4; lastKnownFileType = sourcecode.c.h; path = Dir.h; sourceTree = "<group>"; };
		778637E81A6B07E600714859 /* Maze.cpp */ = {isa = PBXFileReference; fileEncoding = 4; lastKnownFileType = sourcecode.cpp.cpp; path = Maze.cpp; sourceTree = "<group>"; };
		778637E91A6B07E600714859 /* Maze.h */ = {isa = PBXFileReference; fileEncoding = 4; lastKnownFileType = sourcecode.c.h; path = Maze.h; sourceTree = "<group>"; };
		778637EA1A6B07E600714859 /* MazeDefinitions.h */ = {isa = PBXFileReference; fileEncoding = 4; lastKnownFileType = sourcecode.c.h; path = MazeDefinitions.h; sourceTree = "<group>"; };
		778637EB1A6B07E600714859 /* PathFinder.h */ = {isa = PBXFileReference; fileEncoding = 4; lastKnownFileType = sourcecode.c.h; path = PathFinder.h; sourceTree = "<group>"; };
/* End PBXFileReference section */

/* Begin PBXFrameworksBuildPhase section */
		778637D91A6B07BA00714859 /* Frameworks */ = {
			isa = PBXFrameworksBuildPhase;
			buildActionMask = 2147483647;
			files = (
			);
			runOnlyForDeploymentPostprocessing = 0;
		};
/* End PBXFrameworksBuildPhase section */

/* Begin PBXGroup section */
		778637D31A6B07BA00714859 = {
			isa = PBXGroup;
			children = (
				778637DE1A6B07BA00714859 /* MazeSimulator */,
				778637DD1A6B07BA00714859 /* Products */,
			);
			sourceTree = "<group>";
		};
		778637DD1A6B07BA00714859 /* Products */ = {
			isa = PBXGroup;
			children = (
				778637DC1A6B07BA00714859 /* MazeSimulator */,
			);
			name = Products;
			sourceTree = "<group>";
		};
		778637DE1A6B07BA00714859 /* MazeSimulator */ = {
			isa = PBXGroup;
			children = (
				778637E61A6B07E600714859 /* BitVector256.h */,
				778637E71A6B07E600714859 /* Dir.h */,
				778637E81A6B07E600714859 /* Maze.cpp */,
				778637E91A6B07E600714859 /* Maze.h */,
				778637EA1A6B07E600714859 /* MazeDefinitions.h */,
				778637EB1A6B07E600714859 /* PathFinder.h */,
				778637DF1A6B07BA00714859 /* main.cpp */,
			);
			path = MazeSimulator;
			sourceTree = "<group>";
		};
/* End PBXGroup section */

/* Begin PBXNativeTarget section */
		778637DB1A6B07BA00714859 /* MazeSimulator */ = {
			isa = PBXNativeTarget;
			buildConfigurationList = 778637E31A6B07BA00714859 /* Build configuration list for PBXNativeTarget "MazeSimulator" */;
			buildPhases = (
				778637D81A6B07BA00714859 /* Sources */,
				778637D91A6B07BA00714859 /* Frameworks */,
				778637DA1A6B07BA00714859 /* CopyFiles */,
			);
			buildRules = (
			);
			dependencies = (
			);
			name = MazeSimulator;
			productName = MazeSimulator;
			productReference = 778637DC1A6B07BA00714859 /* MazeSimulator */;
			productType = "com.apple.product-type.tool";
		};
/* End PBXNativeTarget section */

/* Begin PBXProject section */
		778637D41A6B07BA00714859 /* Project object */ = {
			isa = PBXProject;
			attributes = {
				LastUpgradeCheck = 0610;
				ORGANIZATIONNAME = "Aravind Vadali";
				TargetAttributes = {
					778637DB1A6B07BA00714859 = {
						CreatedOnToolsVersion = 6.1.1;
					};
				};
			};
			buildConfigurationList = 778637D71A6B07BA00714859 /* Build configuration list for PBXProject "MazeSimulator" */;
			compatibilityVersion = "Xcode 3.2";
			developmentRegion = English;
			hasScannedForEncodings = 0;
			knownRegions = (
				en,
			);
			mainGroup = 778637D31A6B07BA00714859;
			productRefGroup = 778637DD1A6B07BA00714859 /* Products */;
			projectDirPath = "";
			projectRoot = "";
			targets = (
				778637DB1A6B07BA00714859 /* MazeSimulator */,
			);
		};
/* End PBXProject section */

/* Begin PBXSourcesBuildPhase section */
		778637D81A6B07BA00714859 /* Sources */ = {
			isa = PBXSourcesBuildPhase;
			buildActionMask = 2147483647;
			files = (
				778637EC1A6B07E600714859 /* Maze.cpp in Sources */,
				778637E01A6B07BA00714859 /* main.cpp in Sources */,
			);
			runOnlyForDeploymentPostprocessing = 0;
		};
/* End PBXSourcesBuildPhase section */

/* Begin XCBuildConfiguration section */
		778637E11A6B07BA00714859 /* Debug */ = {
			isa = XCBuildConfiguration;
			buildSettings = {
				ALWAYS_SEARCH_USER_PATHS = NO;
				CLANG_CXX_LANGUAGE_STANDARD = "gnu++0x";
				CLANG_CXX_LIBRARY = "libc++";
				CLANG_ENABLE_MODULES = YES;
				CLANG_ENABLE_OBJC_ARC = YES;
				CLANG_WARN_BOOL_CONVERSION = YES;
				CLANG_WARN_CONSTANT_CONVERSION = YES;
				CLANG_WARN_DIRECT_OBJC_ISA_USAGE = YES_ERROR;
				CLANG_WARN_EMPTY_BODY = YES;
				CLANG_WARN_ENUM_CONVERSION = YES;
				CLANG_WARN_INT_CONVERSION = YES;
				CLANG_WARN_OBJC_ROOT_CLASS = YES_ERROR;
				CLANG_WARN_UNREACHABLE_CODE = YES;
				CLANG_WARN__DUPLICATE_METHOD_MATCH = YES;
				COPY_PHASE_STRIP = NO;
				ENABLE_STRICT_OBJC_MSGSEND = YES;
				GCC_C_LANGUAGE_STANDARD = gnu99;
				GCC_DYNAMIC_NO_PIC = NO;
				GCC_OPTIMIZATION_LEVEL = 0;
				GCC_PREPROCESSOR_DEFINITIONS = (
					"DEBUG=1",
					"$(inherited)",
				);
				GCC_SYMBOLS_PRIVATE_EXTERN = NO;
				GCC_WARN_64_TO_32_BIT_CONVERSION = YES;
				GCC_WARN_ABOUT_RETURN_TYPE = YES_ERROR;
				GCC_WARN_UNDECLARED_SELECTOR = YES;
				GCC_WARN_UNINITIALIZED_AUTOS = YES_AGGRESSIVE;
				GCC_WARN_UNUSED_FUNCTION = YES;
				GCC_WARN_UNUSED_VARIABLE = YES;
				MACOSX_DEPLOYMENT_TARGET = 10.10;
				MTL_ENABLE_DEBUG_INFO = YES;
				ONLY_ACTIVE_ARCH = YES;
				SDKROOT = macosx;
			};
			name = Debug;
		};
		778637E21A6B07BA00714859 /* Release */ = {
			isa = XCBuildConfiguration;
			buildSettings = {
				ALWAYS_SEARCH_USER_PATHS = NO;
				CLANG_CXX_LANGUAGE_STANDARD = "gnu++0x";
				CLANG_CXX_LIBRARY = "libc++";
				CLANG_ENABLE_MODULES = YES;
				CLANG_ENABLE_OBJC_ARC = YES;
				CLANG_WARN_BOOL_CONVERSION = YES;
				CLANG_WARN_CONSTANT_CONVERSION = YES;
				CLANG_WARN_DIRECT_OBJC_ISA_USAGE = YES_ERROR;
				CLANG_WARN_EMPTY_BODY = YES;
				CLANG_WARN_ENUM_CONVERSION = YES;
				CLANG_WARN_INT_CONVERSION = YES;
				CLANG_WARN_OBJC_ROOT_CLASS = YES_ERROR;
				CLANG_WARN_UNREACHABLE_CODE = YES;
				CLANG_WARN__DUPLICATE_METHOD_MATCH = YES;
				COPY_PHASE_STRIP = YES;
				DEBUG_INFORMATION_FORMAT = "dwarf-with-dsym";
				ENABLE_NS_ASSERTIONS = NO;
				ENABLE_STRICT_OBJC_MSGSEND = YES;
				GCC_C_LANGUAGE_STANDARD = gnu99;
				GCC_WARN_64_TO_32_BIT_CONVERSION = YES;
				GCC_WARN_ABOUT_RETURN_TYPE = YES_ERROR;
				GCC_WARN_UNDECLARED_SELECTOR = YES;
				GCC_WARN_UNINITIALIZED_AUTOS = YES_AGGRESSIVE;
				GCC_WARN_UNUSED_FUNCTION = YES;
				GCC_WARN_UNUSED_VARIABLE = YES;
				MACOSX_DEPLOYMENT_TARGET = 10.10;
				MTL_ENABLE_DEBUG_INFO = NO;
				SDKROOT = macosx;
			};
			name = Release;
		};
		778637E41A6B07BA00714859 /* Debug */ = {
			isa = XCBuildConfiguration;
			buildSettings = {
				PRODUCT_NAME = "$(TARGET_NAME)";
			};
			name = Debug;
		};
		778637E51A6B07BA00714859 /* Release */ = {
			isa = XCBuildConfiguration;
			buildSettings = {
				PRODUCT_NAME = "$(TARGET_NAME)";
			};
			name = Release;
		};
/* End XCBuildConfiguration section */

/* Begin XCConfigurationList section */
		778637D71A6B07BA00714859 /* Build configuration list for PBXProject "MazeSimulator" */ = {
			isa = XCConfigurationList;
			buildConfigurations = (
				778637E11A6B07BA00714859 /* Debug */,
				778637E21A6B07BA00714859 /* Release */,
			);
			defaultConfigurationIsVisible = 0;
			defaultConfigurationName = Release;
		};
		778637E31A6B07BA00714859 /* Build configuration list for PBXNativeTarget "MazeSimulator" */ = {
			isa = XCConfigurationList;
			buildConfigurations = (
				778637E41A6B07BA00714859 /* Debug */,
				778637E51A6B07BA00714859 /* Release */,
			);
			defaultConfigurationIsVisible = 0;
		};
/* End XCConfigurationList section */
	};
	rootObject = 778637D41A6B07BA00714859 /* Project object */;
}
